// !$*UTF8*$!
{
	archiveVersion = 1;
	classes = {
	};
	objectVersion = 46;
	objects = {

/* Begin PBXBuildFile section */
		184BB8AD1A81EC9A009CD3B8 /* ImageTableViewCell.m in Sources */ = {isa = PBXBuildFile; fileRef = 184BB8AC1A81EC9A009CD3B8 /* ImageTableViewCell.m */; };
		184BB8B01A8201D5009CD3B8 /* UIFont+Customize.m in Sources */ = {isa = PBXBuildFile; fileRef = 184BB8AF1A8201D5009CD3B8 /* UIFont+Customize.m */; };
		184BB9751A820D45009CD3B8 /* ActionViewController.m in Sources */ = {isa = PBXBuildFile; fileRef = 184BB9741A820D45009CD3B8 /* ActionViewController.m */; };
		184BB9771A820D45009CD3B8 /* MainInterface.storyboard in Resources */ = {isa = PBXBuildFile; fileRef = 184BB9761A820D45009CD3B8 /* MainInterface.storyboard */; };
		184BB97A1A820D45009CD3B8 /* SafariExtension.appex in Embed App Extensions */ = {isa = PBXBuildFile; fileRef = 184BB96F1A820D45009CD3B8 /* SafariExtension.appex */; settings = {ATTRIBUTES = (RemoveHeadersOnCopy, ); }; };
		184BB99C1A820F54009CD3B8 /* ActionRequestHandler.m in Sources */ = {isa = PBXBuildFile; fileRef = 184BB99B1A820F54009CD3B8 /* ActionRequestHandler.m */; };
		184BB99E1A820F54009CD3B8 /* Action.js in Resources */ = {isa = PBXBuildFile; fileRef = 184BB99D1A820F54009CD3B8 /* Action.js */; };
		184BB9A11A820F54009CD3B8 /* AddUrl.appex in Embed App Extensions */ = {isa = PBXBuildFile; fileRef = 184BB9961A820F54009CD3B8 /* AddUrl.appex */; settings = {ATTRIBUTES = (RemoveHeadersOnCopy, ); }; };
		184BB9A71A822485009CD3B8 /* NSString+Utility.m in Sources */ = {isa = PBXBuildFile; fileRef = 184BB9A61A822485009CD3B8 /* NSString+Utility.m */; };
		18C239E01A88BDF2009EB734 /* AppIcons.xcassets in Resources */ = {isa = PBXBuildFile; fileRef = 18C239DF1A88BDF2009EB734 /* AppIcons.xcassets */; };
		18EF490F1A8B6D91008B3670 /* appicon.png in Resources */ = {isa = PBXBuildFile; fileRef = 18EF490E1A8B6D91008B3670 /* appicon.png */; };
		322CABAF3EA46F81BD33A305 /* RegisterViewController.m in Sources */ = {isa = PBXBuildFile; fileRef = 322CAA2AFB286149821A6397 /* RegisterViewController.m */; };
		3720FD571A81237100F57F47 /* UIKit.framework in Frameworks */ = {isa = PBXBuildFile; fileRef = 3720FD561A81237100F57F47 /* UIKit.framework */; };
		3720FD591A81237C00F57F47 /* CoreData.framework in Frameworks */ = {isa = PBXBuildFile; fileRef = 3720FD581A81237C00F57F47 /* CoreData.framework */; };
		3720FD5C1A812BC100F57F47 /* ItemDetailViewController.m in Sources */ = {isa = PBXBuildFile; fileRef = 3720FD5B1A812BC100F57F47 /* ItemDetailViewController.m */; };
		3720FD5F1A812BE700F57F47 /* Data.m in Sources */ = {isa = PBXBuildFile; fileRef = 3720FD5E1A812BE700F57F47 /* Data.m */; };
		372DF2041C0BDF2400774F60 /* PriceEditorViewController.m in Sources */ = {isa = PBXBuildFile; fileRef = 372DF2031C0BDF2400774F60 /* PriceEditorViewController.m */; };
		372DF2071C0BE5B800774F60 /* AKPrice.m in Sources */ = {isa = PBXBuildFile; fileRef = 372DF2061C0BE5B800774F60 /* AKPrice.m */; };
		372DF20A1C0C591C00774F60 /* UIImage+Tint.m in Sources */ = {isa = PBXBuildFile; fileRef = 372DF2091C0C591C00774F60 /* UIImage+Tint.m */; };
		372DF20C1C0C5A7700774F60 /* add_photo@2x.png in Resources */ = {isa = PBXBuildFile; fileRef = 372DF20B1C0C5A7700774F60 /* add_photo@2x.png */; };
		3742C6D71C0D407C00EED30C /* LoginViewController.m in Sources */ = {isa = PBXBuildFile; fileRef = 3742C6D61C0D407C00EED30C /* LoginViewController.m */; };
		3771090C1C0D506000FCAFCA /* UIView+Progress.m in Sources */ = {isa = PBXBuildFile; fileRef = 377109091C0D506000FCAFCA /* UIView+Progress.m */; };
		3771090D1C0D506000FCAFCA /* KeyboardStateListener.m in Sources */ = {isa = PBXBuildFile; fileRef = 3771090B1C0D506000FCAFCA /* KeyboardStateListener.m */; };
		377109271C0D507300FCAFCA /* HTProgressHUD.m in Sources */ = {isa = PBXBuildFile; fileRef = 377109101C0D507300FCAFCA /* HTProgressHUD.m */; };
		377109281C0D507300FCAFCA /* HTProgressHUDAnimation.m in Sources */ = {isa = PBXBuildFile; fileRef = 377109121C0D507300FCAFCA /* HTProgressHUDAnimation.m */; };
		377109291C0D507300FCAFCA /* HTProgressHUDFadeAnimation.m in Sources */ = {isa = PBXBuildFile; fileRef = 377109141C0D507300FCAFCA /* HTProgressHUDFadeAnimation.m */; };
		3771092A1C0D507300FCAFCA /* HTProgressHUDFadeZoomAnimation.m in Sources */ = {isa = PBXBuildFile; fileRef = 377109161C0D507300FCAFCA /* HTProgressHUDFadeZoomAnimation.m */; };
		3771092B1C0D507300FCAFCA /* HTProgressHUDImageIndicatorView.m in Sources */ = {isa = PBXBuildFile; fileRef = 377109181C0D507300FCAFCA /* HTProgressHUDImageIndicatorView.m */; };
		3771092C1C0D507300FCAFCA /* HTProgressHUDIndicatorView.m in Sources */ = {isa = PBXBuildFile; fileRef = 3771091A1C0D507300FCAFCA /* HTProgressHUDIndicatorView.m */; };
		3771092D1C0D507300FCAFCA /* HTProgressHUDPieIndicatorView.m in Sources */ = {isa = PBXBuildFile; fileRef = 3771091C1C0D507300FCAFCA /* HTProgressHUDPieIndicatorView.m */; };
		3771092E1C0D507300FCAFCA /* HTProgressHUDRingIndicatorView.m in Sources */ = {isa = PBXBuildFile; fileRef = 3771091E1C0D507300FCAFCA /* HTProgressHUDRingIndicatorView.m */; };
		3771092F1C0D507300FCAFCA /* HTProgressHUDSlideAnimation.m in Sources */ = {isa = PBXBuildFile; fileRef = 377109201C0D507300FCAFCA /* HTProgressHUDSlideAnimation.m */; };
		377109301C0D507300FCAFCA /* icon-checkmark-circled.png in Resources */ = {isa = PBXBuildFile; fileRef = 377109211C0D507300FCAFCA /* icon-checkmark-circled.png */; };
		377109311C0D507300FCAFCA /* icon-checkmark-circled@2x.png in Resources */ = {isa = PBXBuildFile; fileRef = 377109221C0D507300FCAFCA /* icon-checkmark-circled@2x.png */; };
		377109321C0D507300FCAFCA /* icon-error-circled.png in Resources */ = {isa = PBXBuildFile; fileRef = 377109231C0D507300FCAFCA /* icon-error-circled.png */; };
		377109331C0D507300FCAFCA /* icon-error-circled@2x.png in Resources */ = {isa = PBXBuildFile; fileRef = 377109241C0D507300FCAFCA /* icon-error-circled@2x.png */; };
		377109341C0D507300FCAFCA /* icon-warn-circled.png in Resources */ = {isa = PBXBuildFile; fileRef = 377109251C0D507300FCAFCA /* icon-warn-circled.png */; };
		377109351C0D507300FCAFCA /* icon-warn-circled@2x.png in Resources */ = {isa = PBXBuildFile; fileRef = 377109261C0D507300FCAFCA /* icon-warn-circled@2x.png */; };
		3771098C1C0D731C00FCAFCA /* Product+CoreDataProperties.m in Sources */ = {isa = PBXBuildFile; fileRef = 377109791C0D731C00FCAFCA /* Product+CoreDataProperties.m */; };
		3771098D1C0D731C00FCAFCA /* Product.m in Sources */ = {isa = PBXBuildFile; fileRef = 3771097B1C0D731C00FCAFCA /* Product.m */; };
		3771098E1C0D731C00FCAFCA /* Image+CoreDataProperties.m in Sources */ = {isa = PBXBuildFile; fileRef = 3771097D1C0D731C00FCAFCA /* Image+CoreDataProperties.m */; };
		3771098F1C0D731C00FCAFCA /* Image.m in Sources */ = {isa = PBXBuildFile; fileRef = 3771097F1C0D731C00FCAFCA /* Image.m */; };
		377109901C0D731C00FCAFCA /* Link+CoreDataProperties.m in Sources */ = {isa = PBXBuildFile; fileRef = 377109811C0D731C00FCAFCA /* Link+CoreDataProperties.m */; };
		377109911C0D731C00FCAFCA /* Link.m in Sources */ = {isa = PBXBuildFile; fileRef = 377109831C0D731C00FCAFCA /* Link.m */; };
		377109941C0D731C00FCAFCA /* Note+CoreDataProperties.m in Sources */ = {isa = PBXBuildFile; fileRef = 377109891C0D731C00FCAFCA /* Note+CoreDataProperties.m */; };
		377109951C0D731C00FCAFCA /* Note.m in Sources */ = {isa = PBXBuildFile; fileRef = 3771098B1C0D731C00FCAFCA /* Note.m */; };
		3771099C1C0D8ABA00FCAFCA /* SyncManager.m in Sources */ = {isa = PBXBuildFile; fileRef = 3771099B1C0D8ABA00FCAFCA /* SyncManager.m */; };
		3771099F1C0D8AD200FCAFCA /* DataManager.m in Sources */ = {isa = PBXBuildFile; fileRef = 3771099E1C0D8AD200FCAFCA /* DataManager.m */; };
		377109A31C0D9CFB00FCAFCA /* FileHelper.m in Sources */ = {isa = PBXBuildFile; fileRef = 377109A21C0D9CFB00FCAFCA /* FileHelper.m */; };
		379BE8E31A7D1202002D4A85 /* main.m in Sources */ = {isa = PBXBuildFile; fileRef = 379BE8E21A7D1202002D4A85 /* main.m */; };
		379BE8E61A7D1202002D4A85 /* AppDelegate.m in Sources */ = {isa = PBXBuildFile; fileRef = 379BE8E51A7D1202002D4A85 /* AppDelegate.m */; };
		379BE8E91A7D1202002D4A85 /* ThingsIWant.xcdatamodeld in Sources */ = {isa = PBXBuildFile; fileRef = 379BE8E71A7D1202002D4A85 /* ThingsIWant.xcdatamodeld */; };
		379BE8EC1A7D1202002D4A85 /* MainViewController.m in Sources */ = {isa = PBXBuildFile; fileRef = 379BE8EB1A7D1202002D4A85 /* MainViewController.m */; };
		379BE8F11A7D1202002D4A85 /* Images.xcassets in Resources */ = {isa = PBXBuildFile; fileRef = 379BE8F01A7D1202002D4A85 /* Images.xcassets */; };
		379BE8F41A7D1202002D4A85 /* LaunchScreen.xib in Resources */ = {isa = PBXBuildFile; fileRef = 379BE8F21A7D1202002D4A85 /* LaunchScreen.xib */; };
		379BE9001A7D1202002D4A85 /* ThingsIWantTests.m in Sources */ = {isa = PBXBuildFile; fileRef = 379BE8FF1A7D1202002D4A85 /* ThingsIWantTests.m */; };
		37F100A91C0821D600952E3C /* empty@2x.png in Resources */ = {isa = PBXBuildFile; fileRef = 37F100A81C0821D600952E3C /* empty@2x.png */; };
		37F100AC1C082D3800952E3C /* NoteEditorViewController.m in Sources */ = {isa = PBXBuildFile; fileRef = 37F100AB1C082D3800952E3C /* NoteEditorViewController.m */; };
		37F100AF1C082D4600952E3C /* LinkEditorViewController.m in Sources */ = {isa = PBXBuildFile; fileRef = 37F100AE1C082D4600952E3C /* LinkEditorViewController.m */; };
		37F100B31C08384100952E3C /* Localizable.strings in Resources */ = {isa = PBXBuildFile; fileRef = 37F100B51C08384100952E3C /* Localizable.strings */; };
		37F100BA1C0839D400952E3C /* Info.plist in Resources */ = {isa = PBXBuildFile; fileRef = 37F100B91C0839D400952E3C /* Info.plist */; };
		37F100BD1C083A8300952E3C /* InfoPlist.strings in Resources */ = {isa = PBXBuildFile; fileRef = 37F100BF1C083A8300952E3C /* InfoPlist.strings */; };
		C9400B17489CD5B5467726BF /* libPods-ThingsIWant.a in Frameworks */ = {isa = PBXBuildFile; fileRef = A55014AC5786F3059A3850BE /* libPods-ThingsIWant.a */; };
/* End PBXBuildFile section */

/* Begin PBXContainerItemProxy section */
		184BB9781A820D45009CD3B8 /* PBXContainerItemProxy */ = {
			isa = PBXContainerItemProxy;
			containerPortal = 379BE8D51A7D1202002D4A85 /* Project object */;
			proxyType = 1;
			remoteGlobalIDString = 184BB96E1A820D45009CD3B8;
			remoteInfo = SafariExtension;
		};
		184BB99F1A820F54009CD3B8 /* PBXContainerItemProxy */ = {
			isa = PBXContainerItemProxy;
			containerPortal = 379BE8D51A7D1202002D4A85 /* Project object */;
			proxyType = 1;
			remoteGlobalIDString = 184BB9951A820F54009CD3B8;
			remoteInfo = AddUrl;
		};
		379BE8FA1A7D1202002D4A85 /* PBXContainerItemProxy */ = {
			isa = PBXContainerItemProxy;
			containerPortal = 379BE8D51A7D1202002D4A85 /* Project object */;
			proxyType = 1;
			remoteGlobalIDString = 379BE8DC1A7D1202002D4A85;
			remoteInfo = ThingsIWant;
		};
/* End PBXContainerItemProxy section */

/* Begin PBXCopyFilesBuildPhase section */
		184BB97E1A820D45009CD3B8 /* Embed App Extensions */ = {
			isa = PBXCopyFilesBuildPhase;
			buildActionMask = 2147483647;
			dstPath = "";
			dstSubfolderSpec = 13;
			files = (
				184BB9A11A820F54009CD3B8 /* AddUrl.appex in Embed App Extensions */,
				184BB97A1A820D45009CD3B8 /* SafariExtension.appex in Embed App Extensions */,
			);
			name = "Embed App Extensions";
			runOnlyForDeploymentPostprocessing = 0;
		};
/* End PBXCopyFilesBuildPhase section */

/* Begin PBXFileReference section */
		11F4BFC88594A8C19F6BACE5 /* Pods-ThingsIWant.debug.xcconfig */ = {isa = PBXFileReference; includeInIndex = 1; lastKnownFileType = text.xcconfig; name = "Pods-ThingsIWant.debug.xcconfig"; path = "Pods/Target Support Files/Pods-ThingsIWant/Pods-ThingsIWant.debug.xcconfig"; sourceTree = "<group>"; };
		184BB8AB1A81EC9A009CD3B8 /* ImageTableViewCell.h */ = {isa = PBXFileReference; fileEncoding = 4; lastKnownFileType = sourcecode.c.h; path = ImageTableViewCell.h; sourceTree = "<group>"; };
		184BB8AC1A81EC9A009CD3B8 /* ImageTableViewCell.m */ = {isa = PBXFileReference; fileEncoding = 4; lastKnownFileType = sourcecode.c.objc; path = ImageTableViewCell.m; sourceTree = "<group>"; };
		184BB8AE1A8201D5009CD3B8 /* UIFont+Customize.h */ = {isa = PBXFileReference; fileEncoding = 4; lastKnownFileType = sourcecode.c.h; name = "UIFont+Customize.h"; path = "Category/UIFont+Customize.h"; sourceTree = "<group>"; };
		184BB8AF1A8201D5009CD3B8 /* UIFont+Customize.m */ = {isa = PBXFileReference; fileEncoding = 4; lastKnownFileType = sourcecode.c.objc; name = "UIFont+Customize.m"; path = "Category/UIFont+Customize.m"; sourceTree = "<group>"; };
		184BB96F1A820D45009CD3B8 /* SafariExtension.appex */ = {isa = PBXFileReference; explicitFileType = "wrapper.app-extension"; includeInIndex = 0; path = SafariExtension.appex; sourceTree = BUILT_PRODUCTS_DIR; };
		184BB9721A820D45009CD3B8 /* Info.plist */ = {isa = PBXFileReference; lastKnownFileType = text.plist.xml; path = Info.plist; sourceTree = "<group>"; };
		184BB9731A820D45009CD3B8 /* ActionViewController.h */ = {isa = PBXFileReference; lastKnownFileType = sourcecode.c.h; path = ActionViewController.h; sourceTree = "<group>"; };
		184BB9741A820D45009CD3B8 /* ActionViewController.m */ = {isa = PBXFileReference; lastKnownFileType = sourcecode.c.objc; path = ActionViewController.m; sourceTree = "<group>"; };
		184BB9761A820D45009CD3B8 /* MainInterface.storyboard */ = {isa = PBXFileReference; lastKnownFileType = file.storyboard; path = MainInterface.storyboard; sourceTree = "<group>"; };
		184BB9961A820F54009CD3B8 /* AddUrl.appex */ = {isa = PBXFileReference; explicitFileType = "wrapper.app-extension"; includeInIndex = 0; path = AddUrl.appex; sourceTree = BUILT_PRODUCTS_DIR; };
		184BB9991A820F54009CD3B8 /* Info.plist */ = {isa = PBXFileReference; lastKnownFileType = text.plist.xml; path = Info.plist; sourceTree = "<group>"; };
		184BB99A1A820F54009CD3B8 /* ActionRequestHandler.h */ = {isa = PBXFileReference; lastKnownFileType = sourcecode.c.h; path = ActionRequestHandler.h; sourceTree = "<group>"; };
		184BB99B1A820F54009CD3B8 /* ActionRequestHandler.m */ = {isa = PBXFileReference; lastKnownFileType = sourcecode.c.objc; path = ActionRequestHandler.m; sourceTree = "<group>"; };
		184BB99D1A820F54009CD3B8 /* Action.js */ = {isa = PBXFileReference; lastKnownFileType = sourcecode.javascript; path = Action.js; sourceTree = "<group>"; };
		184BB9A51A822485009CD3B8 /* NSString+Utility.h */ = {isa = PBXFileReference; fileEncoding = 4; lastKnownFileType = sourcecode.c.h; path = "NSString+Utility.h"; sourceTree = "<group>"; };
		184BB9A61A822485009CD3B8 /* NSString+Utility.m */ = {isa = PBXFileReference; fileEncoding = 4; lastKnownFileType = sourcecode.c.objc; path = "NSString+Utility.m"; sourceTree = "<group>"; };
		18A56BB21A8C440B0063ADE9 /* Private.h */ = {isa = PBXFileReference; lastKnownFileType = sourcecode.c.h; path = Private.h; sourceTree = "<group>"; };
		18C239B71A88B75D009EB734 /* ThingsIWant 2.xcdatamodel */ = {isa = PBXFileReference; lastKnownFileType = wrapper.xcdatamodel; path = "ThingsIWant 2.xcdatamodel"; sourceTree = "<group>"; };
		18C239DF1A88BDF2009EB734 /* AppIcons.xcassets */ = {isa = PBXFileReference; lastKnownFileType = folder.assetcatalog; path = AppIcons.xcassets; sourceTree = "<group>"; };
		18EF490E1A8B6D91008B3670 /* appicon.png */ = {isa = PBXFileReference; lastKnownFileType = image.png; path = appicon.png; sourceTree = "<group>"; };
		322CA30D8C627A6D2C6FC7C9 /* RegisterViewController.h */ = {isa = PBXFileReference; fileEncoding = 4; lastKnownFileType = sourcecode.c.h; path = RegisterViewController.h; sourceTree = "<group>"; };
		322CAA2AFB286149821A6397 /* RegisterViewController.m */ = {isa = PBXFileReference; fileEncoding = 4; lastKnownFileType = sourcecode.c.objc; path = RegisterViewController.m; sourceTree = "<group>"; };
		3720FD551A81219B00F57F47 /* ThingsIWant-Prefix.pch */ = {isa = PBXFileReference; lastKnownFileType = sourcecode.c.h; path = "ThingsIWant-Prefix.pch"; sourceTree = "<group>"; };
		3720FD561A81237100F57F47 /* UIKit.framework */ = {isa = PBXFileReference; lastKnownFileType = wrapper.framework; name = UIKit.framework; path = System/Library/Frameworks/UIKit.framework; sourceTree = SDKROOT; };
		3720FD581A81237C00F57F47 /* CoreData.framework */ = {isa = PBXFileReference; lastKnownFileType = wrapper.framework; name = CoreData.framework; path = System/Library/Frameworks/CoreData.framework; sourceTree = SDKROOT; };
		3720FD5A1A812BC100F57F47 /* ItemDetailViewController.h */ = {isa = PBXFileReference; fileEncoding = 4; lastKnownFileType = sourcecode.c.h; path = ItemDetailViewController.h; sourceTree = "<group>"; };
		3720FD5B1A812BC100F57F47 /* ItemDetailViewController.m */ = {isa = PBXFileReference; fileEncoding = 4; lastKnownFileType = sourcecode.c.objc; path = ItemDetailViewController.m; sourceTree = "<group>"; };
		3720FD5D1A812BE700F57F47 /* Data.h */ = {isa = PBXFileReference; fileEncoding = 4; lastKnownFileType = sourcecode.c.h; path = Data.h; sourceTree = "<group>"; };
		3720FD5E1A812BE700F57F47 /* Data.m */ = {isa = PBXFileReference; fileEncoding = 4; lastKnownFileType = sourcecode.c.objc; path = Data.m; sourceTree = "<group>"; };
		372DF2021C0BDF2400774F60 /* PriceEditorViewController.h */ = {isa = PBXFileReference; fileEncoding = 4; lastKnownFileType = sourcecode.c.h; path = PriceEditorViewController.h; sourceTree = "<group>"; };
		372DF2031C0BDF2400774F60 /* PriceEditorViewController.m */ = {isa = PBXFileReference; fileEncoding = 4; lastKnownFileType = sourcecode.c.objc; path = PriceEditorViewController.m; sourceTree = "<group>"; };
		372DF2051C0BE5B800774F60 /* AKPrice.h */ = {isa = PBXFileReference; fileEncoding = 4; lastKnownFileType = sourcecode.c.h; path = AKPrice.h; sourceTree = "<group>"; };
		372DF2061C0BE5B800774F60 /* AKPrice.m */ = {isa = PBXFileReference; fileEncoding = 4; lastKnownFileType = sourcecode.c.objc; path = AKPrice.m; sourceTree = "<group>"; };
		372DF2081C0C591C00774F60 /* UIImage+Tint.h */ = {isa = PBXFileReference; fileEncoding = 4; lastKnownFileType = sourcecode.c.h; path = "UIImage+Tint.h"; sourceTree = "<group>"; };
		372DF2091C0C591C00774F60 /* UIImage+Tint.m */ = {isa = PBXFileReference; fileEncoding = 4; lastKnownFileType = sourcecode.c.objc; path = "UIImage+Tint.m"; sourceTree = "<group>"; };
		372DF20B1C0C5A7700774F60 /* add_photo@2x.png */ = {isa = PBXFileReference; lastKnownFileType = image.png; path = "add_photo@2x.png"; sourceTree = "<group>"; };
		3742C6D51C0D407C00EED30C /* LoginViewController.h */ = {isa = PBXFileReference; fileEncoding = 4; lastKnownFileType = sourcecode.c.h; path = LoginViewController.h; sourceTree = "<group>"; };
		3742C6D61C0D407C00EED30C /* LoginViewController.m */ = {isa = PBXFileReference; fileEncoding = 4; lastKnownFileType = sourcecode.c.objc; path = LoginViewController.m; sourceTree = "<group>"; };
		377109081C0D506000FCAFCA /* UIView+Progress.h */ = {isa = PBXFileReference; fileEncoding = 4; lastKnownFileType = sourcecode.c.h; path = "UIView+Progress.h"; sourceTree = "<group>"; };
		377109091C0D506000FCAFCA /* UIView+Progress.m */ = {isa = PBXFileReference; fileEncoding = 4; lastKnownFileType = sourcecode.c.objc; path = "UIView+Progress.m"; sourceTree = "<group>"; };
		3771090A1C0D506000FCAFCA /* KeyboardStateListener.h */ = {isa = PBXFileReference; fileEncoding = 4; lastKnownFileType = sourcecode.c.h; path = KeyboardStateListener.h; sourceTree = "<group>"; };
		3771090B1C0D506000FCAFCA /* KeyboardStateListener.m */ = {isa = PBXFileReference; fileEncoding = 4; lastKnownFileType = sourcecode.c.objc; path = KeyboardStateListener.m; sourceTree = "<group>"; };
		3771090F1C0D507300FCAFCA /* HTProgressHUD.h */ = {isa = PBXFileReference; fileEncoding = 4; lastKnownFileType = sourcecode.c.h; path = HTProgressHUD.h; sourceTree = "<group>"; };
		377109101C0D507300FCAFCA /* HTProgressHUD.m */ = {isa = PBXFileReference; fileEncoding = 4; lastKnownFileType = sourcecode.c.objc; path = HTProgressHUD.m; sourceTree = "<group>"; };
		377109111C0D507300FCAFCA /* HTProgressHUDAnimation.h */ = {isa = PBXFileReference; fileEncoding = 4; lastKnownFileType = sourcecode.c.h; path = HTProgressHUDAnimation.h; sourceTree = "<group>"; };
		377109121C0D507300FCAFCA /* HTProgressHUDAnimation.m */ = {isa = PBXFileReference; fileEncoding = 4; lastKnownFileType = sourcecode.c.objc; path = HTProgressHUDAnimation.m; sourceTree = "<group>"; };
		377109131C0D507300FCAFCA /* HTProgressHUDFadeAnimation.h */ = {isa = PBXFileReference; fileEncoding = 4; lastKnownFileType = sourcecode.c.h; path = HTProgressHUDFadeAnimation.h; sourceTree = "<group>"; };
		377109141C0D507300FCAFCA /* HTProgressHUDFadeAnimation.m */ = {isa = PBXFileReference; fileEncoding = 4; lastKnownFileType = sourcecode.c.objc; path = HTProgressHUDFadeAnimation.m; sourceTree = "<group>"; };
		377109151C0D507300FCAFCA /* HTProgressHUDFadeZoomAnimation.h */ = {isa = PBXFileReference; fileEncoding = 4; lastKnownFileType = sourcecode.c.h; path = HTProgressHUDFadeZoomAnimation.h; sourceTree = "<group>"; };
		377109161C0D507300FCAFCA /* HTProgressHUDFadeZoomAnimation.m */ = {isa = PBXFileReference; fileEncoding = 4; lastKnownFileType = sourcecode.c.objc; path = HTProgressHUDFadeZoomAnimation.m; sourceTree = "<group>"; };
		377109171C0D507300FCAFCA /* HTProgressHUDImageIndicatorView.h */ = {isa = PBXFileReference; fileEncoding = 4; lastKnownFileType = sourcecode.c.h; path = HTProgressHUDImageIndicatorView.h; sourceTree = "<group>"; };
		377109181C0D507300FCAFCA /* HTProgressHUDImageIndicatorView.m */ = {isa = PBXFileReference; fileEncoding = 4; lastKnownFileType = sourcecode.c.objc; path = HTProgressHUDImageIndicatorView.m; sourceTree = "<group>"; };
		377109191C0D507300FCAFCA /* HTProgressHUDIndicatorView.h */ = {isa = PBXFileReference; fileEncoding = 4; lastKnownFileType = sourcecode.c.h; path = HTProgressHUDIndicatorView.h; sourceTree = "<group>"; };
		3771091A1C0D507300FCAFCA /* HTProgressHUDIndicatorView.m */ = {isa = PBXFileReference; fileEncoding = 4; lastKnownFileType = sourcecode.c.objc; path = HTProgressHUDIndicatorView.m; sourceTree = "<group>"; };
		3771091B1C0D507300FCAFCA /* HTProgressHUDPieIndicatorView.h */ = {isa = PBXFileReference; fileEncoding = 4; lastKnownFileType = sourcecode.c.h; path = HTProgressHUDPieIndicatorView.h; sourceTree = "<group>"; };
		3771091C1C0D507300FCAFCA /* HTProgressHUDPieIndicatorView.m */ = {isa = PBXFileReference; fileEncoding = 4; lastKnownFileType = sourcecode.c.objc; path = HTProgressHUDPieIndicatorView.m; sourceTree = "<group>"; };
		3771091D1C0D507300FCAFCA /* HTProgressHUDRingIndicatorView.h */ = {isa = PBXFileReference; fileEncoding = 4; lastKnownFileType = sourcecode.c.h; path = HTProgressHUDRingIndicatorView.h; sourceTree = "<group>"; };
		3771091E1C0D507300FCAFCA /* HTProgressHUDRingIndicatorView.m */ = {isa = PBXFileReference; fileEncoding = 4; lastKnownFileType = sourcecode.c.objc; path = HTProgressHUDRingIndicatorView.m; sourceTree = "<group>"; };
		3771091F1C0D507300FCAFCA /* HTProgressHUDSlideAnimation.h */ = {isa = PBXFileReference; fileEncoding = 4; lastKnownFileType = sourcecode.c.h; path = HTProgressHUDSlideAnimation.h; sourceTree = "<group>"; };
		377109201C0D507300FCAFCA /* HTProgressHUDSlideAnimation.m */ = {isa = PBXFileReference; fileEncoding = 4; lastKnownFileType = sourcecode.c.objc; path = HTProgressHUDSlideAnimation.m; sourceTree = "<group>"; };
		377109211C0D507300FCAFCA /* icon-checkmark-circled.png */ = {isa = PBXFileReference; lastKnownFileType = image.png; path = "icon-checkmark-circled.png"; sourceTree = "<group>"; };
		377109221C0D507300FCAFCA /* icon-checkmark-circled@2x.png */ = {isa = PBXFileReference; lastKnownFileType = image.png; path = "icon-checkmark-circled@2x.png"; sourceTree = "<group>"; };
		377109231C0D507300FCAFCA /* icon-error-circled.png */ = {isa = PBXFileReference; lastKnownFileType = image.png; path = "icon-error-circled.png"; sourceTree = "<group>"; };
		377109241C0D507300FCAFCA /* icon-error-circled@2x.png */ = {isa = PBXFileReference; lastKnownFileType = image.png; path = "icon-error-circled@2x.png"; sourceTree = "<group>"; };
		377109251C0D507300FCAFCA /* icon-warn-circled.png */ = {isa = PBXFileReference; lastKnownFileType = image.png; path = "icon-warn-circled.png"; sourceTree = "<group>"; };
		377109261C0D507300FCAFCA /* icon-warn-circled@2x.png */ = {isa = PBXFileReference; lastKnownFileType = image.png; path = "icon-warn-circled@2x.png"; sourceTree = "<group>"; };
		377109781C0D731C00FCAFCA /* Product+CoreDataProperties.h */ = {isa = PBXFileReference; fileEncoding = 4; lastKnownFileType = sourcecode.c.h; path = "Product+CoreDataProperties.h"; sourceTree = "<group>"; };
		377109791C0D731C00FCAFCA /* Product+CoreDataProperties.m */ = {isa = PBXFileReference; fileEncoding = 4; lastKnownFileType = sourcecode.c.objc; path = "Product+CoreDataProperties.m"; sourceTree = "<group>"; };
		3771097A1C0D731C00FCAFCA /* Product.h */ = {isa = PBXFileReference; fileEncoding = 4; lastKnownFileType = sourcecode.c.h; path = Product.h; sourceTree = "<group>"; };
		3771097B1C0D731C00FCAFCA /* Product.m */ = {isa = PBXFileReference; fileEncoding = 4; lastKnownFileType = sourcecode.c.objc; path = Product.m; sourceTree = "<group>"; };
		3771097C1C0D731C00FCAFCA /* Image+CoreDataProperties.h */ = {isa = PBXFileReference; fileEncoding = 4; lastKnownFileType = sourcecode.c.h; path = "Image+CoreDataProperties.h"; sourceTree = "<group>"; };
		3771097D1C0D731C00FCAFCA /* Image+CoreDataProperties.m */ = {isa = PBXFileReference; fileEncoding = 4; lastKnownFileType = sourcecode.c.objc; path = "Image+CoreDataProperties.m"; sourceTree = "<group>"; };
		3771097E1C0D731C00FCAFCA /* Image.h */ = {isa = PBXFileReference; fileEncoding = 4; lastKnownFileType = sourcecode.c.h; path = Image.h; sourceTree = "<group>"; };
		3771097F1C0D731C00FCAFCA /* Image.m */ = {isa = PBXFileReference; fileEncoding = 4; lastKnownFileType = sourcecode.c.objc; path = Image.m; sourceTree = "<group>"; };
		377109801C0D731C00FCAFCA /* Link+CoreDataProperties.h */ = {isa = PBXFileReference; fileEncoding = 4; lastKnownFileType = sourcecode.c.h; path = "Link+CoreDataProperties.h"; sourceTree = "<group>"; };
		377109811C0D731C00FCAFCA /* Link+CoreDataProperties.m */ = {isa = PBXFileReference; fileEncoding = 4; lastKnownFileType = sourcecode.c.objc; path = "Link+CoreDataProperties.m"; sourceTree = "<group>"; };
		377109821C0D731C00FCAFCA /* Link.h */ = {isa = PBXFileReference; fileEncoding = 4; lastKnownFileType = sourcecode.c.h; path = Link.h; sourceTree = "<group>"; };
		377109831C0D731C00FCAFCA /* Link.m */ = {isa = PBXFileReference; fileEncoding = 4; lastKnownFileType = sourcecode.c.objc; path = Link.m; sourceTree = "<group>"; };
		377109881C0D731C00FCAFCA /* Note+CoreDataProperties.h */ = {isa = PBXFileReference; fileEncoding = 4; lastKnownFileType = sourcecode.c.h; path = "Note+CoreDataProperties.h"; sourceTree = "<group>"; };
		377109891C0D731C00FCAFCA /* Note+CoreDataProperties.m */ = {isa = PBXFileReference; fileEncoding = 4; lastKnownFileType = sourcecode.c.objc; path = "Note+CoreDataProperties.m"; sourceTree = "<group>"; };
		3771098A1C0D731C00FCAFCA /* Note.h */ = {isa = PBXFileReference; fileEncoding = 4; lastKnownFileType = sourcecode.c.h; path = Note.h; sourceTree = "<group>"; };
		3771098B1C0D731C00FCAFCA /* Note.m */ = {isa = PBXFileReference; fileEncoding = 4; lastKnownFileType = sourcecode.c.objc; path = Note.m; sourceTree = "<group>"; };
		3771099A1C0D8ABA00FCAFCA /* SyncManager.h */ = {isa = PBXFileReference; fileEncoding = 4; lastKnownFileType = sourcecode.c.h; path = SyncManager.h; sourceTree = "<group>"; };
		3771099B1C0D8ABA00FCAFCA /* SyncManager.m */ = {isa = PBXFileReference; fileEncoding = 4; lastKnownFileType = sourcecode.c.objc; path = SyncManager.m; sourceTree = "<group>"; };
		3771099D1C0D8AD200FCAFCA /* DataManager.h */ = {isa = PBXFileReference; fileEncoding = 4; lastKnownFileType = sourcecode.c.h; path = DataManager.h; sourceTree = "<group>"; };
		3771099E1C0D8AD200FCAFCA /* DataManager.m */ = {isa = PBXFileReference; fileEncoding = 4; lastKnownFileType = sourcecode.c.objc; path = DataManager.m; sourceTree = "<group>"; };
		377109A01C0D8CF500FCAFCA /* DataModel.h */ = {isa = PBXFileReference; lastKnownFileType = sourcecode.c.h; path = DataModel.h; sourceTree = "<group>"; };
		377109A11C0D9CFB00FCAFCA /* FileHelper.h */ = {isa = PBXFileReference; fileEncoding = 4; lastKnownFileType = sourcecode.c.h; path = FileHelper.h; sourceTree = "<group>"; };
		377109A21C0D9CFB00FCAFCA /* FileHelper.m */ = {isa = PBXFileReference; fileEncoding = 4; lastKnownFileType = sourcecode.c.objc; path = FileHelper.m; sourceTree = "<group>"; };
		379BE8DD1A7D1202002D4A85 /* ThingsIWant.app */ = {isa = PBXFileReference; explicitFileType = wrapper.application; includeInIndex = 0; path = ThingsIWant.app; sourceTree = BUILT_PRODUCTS_DIR; };
		379BE8E21A7D1202002D4A85 /* main.m */ = {isa = PBXFileReference; lastKnownFileType = sourcecode.c.objc; path = main.m; sourceTree = "<group>"; };
		379BE8E41A7D1202002D4A85 /* AppDelegate.h */ = {isa = PBXFileReference; lastKnownFileType = sourcecode.c.h; path = AppDelegate.h; sourceTree = "<group>"; };
		379BE8E51A7D1202002D4A85 /* AppDelegate.m */ = {isa = PBXFileReference; lastKnownFileType = sourcecode.c.objc; path = AppDelegate.m; sourceTree = "<group>"; };
		379BE8E81A7D1202002D4A85 /* ThingsIWant.xcdatamodel */ = {isa = PBXFileReference; lastKnownFileType = wrapper.xcdatamodel; path = ThingsIWant.xcdatamodel; sourceTree = "<group>"; };
		379BE8EA1A7D1202002D4A85 /* MainViewController.h */ = {isa = PBXFileReference; lastKnownFileType = sourcecode.c.h; path = MainViewController.h; sourceTree = "<group>"; };
		379BE8EB1A7D1202002D4A85 /* MainViewController.m */ = {isa = PBXFileReference; lastKnownFileType = sourcecode.c.objc; path = MainViewController.m; sourceTree = "<group>"; };
		379BE8F01A7D1202002D4A85 /* Images.xcassets */ = {isa = PBXFileReference; lastKnownFileType = folder.assetcatalog; path = Images.xcassets; sourceTree = "<group>"; };
		379BE8F31A7D1202002D4A85 /* Base */ = {isa = PBXFileReference; lastKnownFileType = file.xib; name = Base; path = Base.lproj/LaunchScreen.xib; sourceTree = "<group>"; };
		379BE8F91A7D1202002D4A85 /* ThingsIWantTests.xctest */ = {isa = PBXFileReference; explicitFileType = wrapper.cfbundle; includeInIndex = 0; path = ThingsIWantTests.xctest; sourceTree = BUILT_PRODUCTS_DIR; };
		379BE8FE1A7D1202002D4A85 /* Info.plist */ = {isa = PBXFileReference; lastKnownFileType = text.plist.xml; path = Info.plist; sourceTree = "<group>"; };
		379BE8FF1A7D1202002D4A85 /* ThingsIWantTests.m */ = {isa = PBXFileReference; lastKnownFileType = sourcecode.c.objc; path = ThingsIWantTests.m; sourceTree = "<group>"; };
		37F100A81C0821D600952E3C /* empty@2x.png */ = {isa = PBXFileReference; lastKnownFileType = image.png; path = "empty@2x.png"; sourceTree = "<group>"; };
		37F100AA1C082D3800952E3C /* NoteEditorViewController.h */ = {isa = PBXFileReference; fileEncoding = 4; lastKnownFileType = sourcecode.c.h; path = NoteEditorViewController.h; sourceTree = "<group>"; };
		37F100AB1C082D3800952E3C /* NoteEditorViewController.m */ = {isa = PBXFileReference; fileEncoding = 4; lastKnownFileType = sourcecode.c.objc; path = NoteEditorViewController.m; sourceTree = "<group>"; };
		37F100AD1C082D4600952E3C /* LinkEditorViewController.h */ = {isa = PBXFileReference; fileEncoding = 4; lastKnownFileType = sourcecode.c.h; path = LinkEditorViewController.h; sourceTree = "<group>"; };
		37F100AE1C082D4600952E3C /* LinkEditorViewController.m */ = {isa = PBXFileReference; fileEncoding = 4; lastKnownFileType = sourcecode.c.objc; path = LinkEditorViewController.m; sourceTree = "<group>"; };
		37F100B21C08382400952E3C /* zh-Hans */ = {isa = PBXFileReference; lastKnownFileType = text.plist.strings; name = "zh-Hans"; path = "zh-Hans.lproj/LaunchScreen.strings"; sourceTree = "<group>"; };
		37F100B41C08384100952E3C /* zh-Hans */ = {isa = PBXFileReference; lastKnownFileType = text.plist.strings; name = "zh-Hans"; path = "zh-Hans.lproj/Localizable.strings"; sourceTree = "<group>"; };
		37F100B91C0839D400952E3C /* Info.plist */ = {isa = PBXFileReference; fileEncoding = 4; lastKnownFileType = text.plist.xml; path = Info.plist; sourceTree = "<group>"; };
		37F100BE1C083A8300952E3C /* zh-Hans */ = {isa = PBXFileReference; lastKnownFileType = text.plist.strings; name = "zh-Hans"; path = "zh-Hans.lproj/InfoPlist.strings"; sourceTree = "<group>"; };
		A55014AC5786F3059A3850BE /* libPods-ThingsIWant.a */ = {isa = PBXFileReference; explicitFileType = archive.ar; includeInIndex = 0; path = "libPods-ThingsIWant.a"; sourceTree = BUILT_PRODUCTS_DIR; };
		C5FF5569C78FBCF163F930D2 /* Pods-ThingsIWant.release.xcconfig */ = {isa = PBXFileReference; includeInIndex = 1; lastKnownFileType = text.xcconfig; name = "Pods-ThingsIWant.release.xcconfig"; path = "Pods/Target Support Files/Pods-ThingsIWant/Pods-ThingsIWant.release.xcconfig"; sourceTree = "<group>"; };
/* End PBXFileReference section */

/* Begin PBXFrameworksBuildPhase section */
		184BB96C1A820D45009CD3B8 /* Frameworks */ = {
			isa = PBXFrameworksBuildPhase;
			buildActionMask = 2147483647;
			files = (
			);
			runOnlyForDeploymentPostprocessing = 0;
		};
		184BB9931A820F54009CD3B8 /* Frameworks */ = {
			isa = PBXFrameworksBuildPhase;
			buildActionMask = 2147483647;
			files = (
			);
			runOnlyForDeploymentPostprocessing = 0;
		};
		379BE8DA1A7D1202002D4A85 /* Frameworks */ = {
			isa = PBXFrameworksBuildPhase;
			buildActionMask = 2147483647;
			files = (
				3720FD591A81237C00F57F47 /* CoreData.framework in Frameworks */,
				3720FD571A81237100F57F47 /* UIKit.framework in Frameworks */,
				C9400B17489CD5B5467726BF /* libPods-ThingsIWant.a in Frameworks */,
			);
			runOnlyForDeploymentPostprocessing = 0;
		};
		379BE8F61A7D1202002D4A85 /* Frameworks */ = {
			isa = PBXFrameworksBuildPhase;
			buildActionMask = 2147483647;
			files = (
			);
			runOnlyForDeploymentPostprocessing = 0;
		};
/* End PBXFrameworksBuildPhase section */

/* Begin PBXGroup section */
		16C419C8B89ADE76CE780BEA /* Pods */ = {
			isa = PBXGroup;
			children = (
				11F4BFC88594A8C19F6BACE5 /* Pods-ThingsIWant.debug.xcconfig */,
				C5FF5569C78FBCF163F930D2 /* Pods-ThingsIWant.release.xcconfig */,
			);
			name = Pods;
			sourceTree = "<group>";
		};
		184BB8AA1A81B8FD009CD3B8 /* Data Model */ = {
			isa = PBXGroup;
			children = (
				372DF2051C0BE5B800774F60 /* AKPrice.h */,
				372DF2061C0BE5B800774F60 /* AKPrice.m */,
				377109781C0D731C00FCAFCA /* Product+CoreDataProperties.h */,
				377109791C0D731C00FCAFCA /* Product+CoreDataProperties.m */,
				3771097A1C0D731C00FCAFCA /* Product.h */,
				3771097B1C0D731C00FCAFCA /* Product.m */,
				3771097C1C0D731C00FCAFCA /* Image+CoreDataProperties.h */,
				3771097D1C0D731C00FCAFCA /* Image+CoreDataProperties.m */,
				3771097E1C0D731C00FCAFCA /* Image.h */,
				3771097F1C0D731C00FCAFCA /* Image.m */,
				377109801C0D731C00FCAFCA /* Link+CoreDataProperties.h */,
				377109811C0D731C00FCAFCA /* Link+CoreDataProperties.m */,
				377109821C0D731C00FCAFCA /* Link.h */,
				377109831C0D731C00FCAFCA /* Link.m */,
				377109881C0D731C00FCAFCA /* Note+CoreDataProperties.h */,
				377109891C0D731C00FCAFCA /* Note+CoreDataProperties.m */,
				3771098A1C0D731C00FCAFCA /* Note.h */,
				3771098B1C0D731C00FCAFCA /* Note.m */,
				377109A01C0D8CF500FCAFCA /* DataModel.h */,
			);
			name = "Data Model";
			path = ../Data;
			sourceTree = "<group>";
		};
		184BB9701A820D45009CD3B8 /* SafariExtension */ = {
			isa = PBXGroup;
			children = (
				184BB9731A820D45009CD3B8 /* ActionViewController.h */,
				184BB9741A820D45009CD3B8 /* ActionViewController.m */,
				184BB9761A820D45009CD3B8 /* MainInterface.storyboard */,
				184BB9711A820D45009CD3B8 /* Supporting Files */,
			);
			path = SafariExtension;
			sourceTree = "<group>";
		};
		184BB9711A820D45009CD3B8 /* Supporting Files */ = {
			isa = PBXGroup;
			children = (
				184BB9721A820D45009CD3B8 /* Info.plist */,
			);
			name = "Supporting Files";
			sourceTree = "<group>";
		};
		184BB9971A820F54009CD3B8 /* AddUrl */ = {
			isa = PBXGroup;
			children = (
				184BB99A1A820F54009CD3B8 /* ActionRequestHandler.h */,
				184BB99B1A820F54009CD3B8 /* ActionRequestHandler.m */,
				184BB99D1A820F54009CD3B8 /* Action.js */,
				184BB9981A820F54009CD3B8 /* Supporting Files */,
			);
			path = AddUrl;
			sourceTree = "<group>";
		};
		184BB9981A820F54009CD3B8 /* Supporting Files */ = {
			isa = PBXGroup;
			children = (
				184BB9991A820F54009CD3B8 /* Info.plist */,
			);
			name = "Supporting Files";
			sourceTree = "<group>";
		};
		18C239BB1A88B9B0009EB734 /* Class */ = {
			isa = PBXGroup;
			children = (
				377109071C0D505800FCAFCA /* Tools */,
				3742C6D41C0D406700EED30C /* Login */,
				372DF2081C0C591C00774F60 /* UIImage+Tint.h */,
				372DF2091C0C591C00774F60 /* UIImage+Tint.m */,
				18A56BB21A8C440B0063ADE9 /* Private.h */,
				377109991C0D8AA500FCAFCA /* DataManager */,
				184BB8AA1A81B8FD009CD3B8 /* Data Model */,
				184BB9A51A822485009CD3B8 /* NSString+Utility.h */,
				184BB9A61A822485009CD3B8 /* NSString+Utility.m */,
				379BE8E41A7D1202002D4A85 /* AppDelegate.h */,
				379BE8E51A7D1202002D4A85 /* AppDelegate.m */,
				379BE8EA1A7D1202002D4A85 /* MainViewController.h */,
				379BE8EB1A7D1202002D4A85 /* MainViewController.m */,
				184BB8AB1A81EC9A009CD3B8 /* ImageTableViewCell.h */,
				184BB8AC1A81EC9A009CD3B8 /* ImageTableViewCell.m */,
				379BE8F21A7D1202002D4A85 /* LaunchScreen.xib */,
				3720FD5A1A812BC100F57F47 /* ItemDetailViewController.h */,
				3720FD5B1A812BC100F57F47 /* ItemDetailViewController.m */,
				3720FD5D1A812BE700F57F47 /* Data.h */,
				3720FD5E1A812BE700F57F47 /* Data.m */,
				184BB8AE1A8201D5009CD3B8 /* UIFont+Customize.h */,
				184BB8AF1A8201D5009CD3B8 /* UIFont+Customize.m */,
				18EF490E1A8B6D91008B3670 /* appicon.png */,
				37F100AA1C082D3800952E3C /* NoteEditorViewController.h */,
				37F100AB1C082D3800952E3C /* NoteEditorViewController.m */,
				37F100AD1C082D4600952E3C /* LinkEditorViewController.h */,
				37F100AE1C082D4600952E3C /* LinkEditorViewController.m */,
				372DF2021C0BDF2400774F60 /* PriceEditorViewController.h */,
				372DF2031C0BDF2400774F60 /* PriceEditorViewController.m */,
			);
			name = Class;
			sourceTree = "<group>";
		};
		3742C6D41C0D406700EED30C /* Login */ = {
			isa = PBXGroup;
			children = (
				3742C6D51C0D407C00EED30C /* LoginViewController.h */,
				3742C6D61C0D407C00EED30C /* LoginViewController.m */,
				322CA30D8C627A6D2C6FC7C9 /* RegisterViewController.h */,
				322CAA2AFB286149821A6397 /* RegisterViewController.m */,
			);
			path = Login;
			sourceTree = "<group>";
		};
		377109071C0D505800FCAFCA /* Tools */ = {
			isa = PBXGroup;
			children = (
				3771090E1C0D507300FCAFCA /* HTProgressHUD */,
				377109081C0D506000FCAFCA /* UIView+Progress.h */,
				377109091C0D506000FCAFCA /* UIView+Progress.m */,
				3771090A1C0D506000FCAFCA /* KeyboardStateListener.h */,
				3771090B1C0D506000FCAFCA /* KeyboardStateListener.m */,
			);
			path = Tools;
			sourceTree = "<group>";
		};
		3771090E1C0D507300FCAFCA /* HTProgressHUD */ = {
			isa = PBXGroup;
			children = (
				3771090F1C0D507300FCAFCA /* HTProgressHUD.h */,
				377109101C0D507300FCAFCA /* HTProgressHUD.m */,
				377109111C0D507300FCAFCA /* HTProgressHUDAnimation.h */,
				377109121C0D507300FCAFCA /* HTProgressHUDAnimation.m */,
				377109131C0D507300FCAFCA /* HTProgressHUDFadeAnimation.h */,
				377109141C0D507300FCAFCA /* HTProgressHUDFadeAnimation.m */,
				377109151C0D507300FCAFCA /* HTProgressHUDFadeZoomAnimation.h */,
				377109161C0D507300FCAFCA /* HTProgressHUDFadeZoomAnimation.m */,
				377109171C0D507300FCAFCA /* HTProgressHUDImageIndicatorView.h */,
				377109181C0D507300FCAFCA /* HTProgressHUDImageIndicatorView.m */,
				377109191C0D507300FCAFCA /* HTProgressHUDIndicatorView.h */,
				3771091A1C0D507300FCAFCA /* HTProgressHUDIndicatorView.m */,
				3771091B1C0D507300FCAFCA /* HTProgressHUDPieIndicatorView.h */,
				3771091C1C0D507300FCAFCA /* HTProgressHUDPieIndicatorView.m */,
				3771091D1C0D507300FCAFCA /* HTProgressHUDRingIndicatorView.h */,
				3771091E1C0D507300FCAFCA /* HTProgressHUDRingIndicatorView.m */,
				3771091F1C0D507300FCAFCA /* HTProgressHUDSlideAnimation.h */,
				377109201C0D507300FCAFCA /* HTProgressHUDSlideAnimation.m */,
				377109211C0D507300FCAFCA /* icon-checkmark-circled.png */,
				377109221C0D507300FCAFCA /* icon-checkmark-circled@2x.png */,
				377109231C0D507300FCAFCA /* icon-error-circled.png */,
				377109241C0D507300FCAFCA /* icon-error-circled@2x.png */,
				377109251C0D507300FCAFCA /* icon-warn-circled.png */,
				377109261C0D507300FCAFCA /* icon-warn-circled@2x.png */,
			);
			path = HTProgressHUD;
			sourceTree = "<group>";
		};
		377109991C0D8AA500FCAFCA /* DataManager */ = {
			isa = PBXGroup;
			children = (
				3771099A1C0D8ABA00FCAFCA /* SyncManager.h */,
				3771099B1C0D8ABA00FCAFCA /* SyncManager.m */,
				3771099D1C0D8AD200FCAFCA /* DataManager.h */,
				3771099E1C0D8AD200FCAFCA /* DataManager.m */,
				377109A11C0D9CFB00FCAFCA /* FileHelper.h */,
				377109A21C0D9CFB00FCAFCA /* FileHelper.m */,
			);
			path = DataManager;
			sourceTree = "<group>";
		};
		379BE8D41A7D1202002D4A85 = {
			isa = PBXGroup;
			children = (
				379BE8DF1A7D1202002D4A85 /* ThingsIWant */,
				379BE8FC1A7D1202002D4A85 /* ThingsIWantTests */,
				184BB9701A820D45009CD3B8 /* SafariExtension */,
				184BB9971A820F54009CD3B8 /* AddUrl */,
				379BE8DE1A7D1202002D4A85 /* Products */,
				16C419C8B89ADE76CE780BEA /* Pods */,
				B4DB487837772E42BAE3BD30 /* Frameworks */,
			);
			sourceTree = "<group>";
		};
		379BE8DE1A7D1202002D4A85 /* Products */ = {
			isa = PBXGroup;
			children = (
				379BE8DD1A7D1202002D4A85 /* ThingsIWant.app */,
				379BE8F91A7D1202002D4A85 /* ThingsIWantTests.xctest */,
				184BB96F1A820D45009CD3B8 /* SafariExtension.appex */,
				184BB9961A820F54009CD3B8 /* AddUrl.appex */,
			);
			name = Products;
			sourceTree = "<group>";
		};
		379BE8DF1A7D1202002D4A85 /* ThingsIWant */ = {
			isa = PBXGroup;
			children = (
				18C239BB1A88B9B0009EB734 /* Class */,
				379BE8E71A7D1202002D4A85 /* ThingsIWant.xcdatamodeld */,
				37F100A71C0821CC00952E3C /* Resources */,
				379BE8E01A7D1202002D4A85 /* Supporting Files */,
			);
			path = ThingsIWant;
			sourceTree = "<group>";
		};
		379BE8E01A7D1202002D4A85 /* Supporting Files */ = {
			isa = PBXGroup;
			children = (
				379BE8F01A7D1202002D4A85 /* Images.xcassets */,
				18C239DF1A88BDF2009EB734 /* AppIcons.xcassets */,
				37F100B91C0839D400952E3C /* Info.plist */,
				379BE8E21A7D1202002D4A85 /* main.m */,
				3720FD551A81219B00F57F47 /* ThingsIWant-Prefix.pch */,
				37F100B51C08384100952E3C /* Localizable.strings */,
				37F100BF1C083A8300952E3C /* InfoPlist.strings */,
			);
			name = "Supporting Files";
			sourceTree = "<group>";
		};
		379BE8FC1A7D1202002D4A85 /* ThingsIWantTests */ = {
			isa = PBXGroup;
			children = (
				379BE8FF1A7D1202002D4A85 /* ThingsIWantTests.m */,
				379BE8FD1A7D1202002D4A85 /* Supporting Files */,
			);
			path = ThingsIWantTests;
			sourceTree = "<group>";
		};
		379BE8FD1A7D1202002D4A85 /* Supporting Files */ = {
			isa = PBXGroup;
			children = (
				379BE8FE1A7D1202002D4A85 /* Info.plist */,
			);
			name = "Supporting Files";
			sourceTree = "<group>";
		};
		37F100A71C0821CC00952E3C /* Resources */ = {
			isa = PBXGroup;
			children = (
				372DF20B1C0C5A7700774F60 /* add_photo@2x.png */,
				37F100A81C0821D600952E3C /* empty@2x.png */,
			);
			path = Resources;
			sourceTree = "<group>";
		};
		B4DB487837772E42BAE3BD30 /* Frameworks */ = {
			isa = PBXGroup;
			children = (
				3720FD581A81237C00F57F47 /* CoreData.framework */,
				3720FD561A81237100F57F47 /* UIKit.framework */,
				A55014AC5786F3059A3850BE /* libPods-ThingsIWant.a */,
			);
			name = Frameworks;
			sourceTree = "<group>";
		};
/* End PBXGroup section */

/* Begin PBXNativeTarget section */
		184BB96E1A820D45009CD3B8 /* SafariExtension */ = {
			isa = PBXNativeTarget;
			buildConfigurationList = 184BB97B1A820D45009CD3B8 /* Build configuration list for PBXNativeTarget "SafariExtension" */;
			buildPhases = (
				184BB96B1A820D45009CD3B8 /* Sources */,
				184BB96C1A820D45009CD3B8 /* Frameworks */,
				184BB96D1A820D45009CD3B8 /* Resources */,
			);
			buildRules = (
			);
			dependencies = (
			);
			name = SafariExtension;
			productName = SafariExtension;
			productReference = 184BB96F1A820D45009CD3B8 /* SafariExtension.appex */;
			productType = "com.apple.product-type.app-extension";
		};
		184BB9951A820F54009CD3B8 /* AddUrl */ = {
			isa = PBXNativeTarget;
			buildConfigurationList = 184BB9A21A820F54009CD3B8 /* Build configuration list for PBXNativeTarget "AddUrl" */;
			buildPhases = (
				184BB9921A820F54009CD3B8 /* Sources */,
				184BB9931A820F54009CD3B8 /* Frameworks */,
				184BB9941A820F54009CD3B8 /* Resources */,
			);
			buildRules = (
			);
			dependencies = (
			);
			name = AddUrl;
			productName = AddUrl;
			productReference = 184BB9961A820F54009CD3B8 /* AddUrl.appex */;
			productType = "com.apple.product-type.app-extension";
		};
		379BE8DC1A7D1202002D4A85 /* ThingsIWant */ = {
			isa = PBXNativeTarget;
			buildConfigurationList = 379BE9031A7D1202002D4A85 /* Build configuration list for PBXNativeTarget "ThingsIWant" */;
			buildPhases = (
				44F9686E1F0A139C92AC1758 /* Check Pods Manifest.lock */,
				379BE8D91A7D1202002D4A85 /* Sources */,
				379BE8DA1A7D1202002D4A85 /* Frameworks */,
				379BE8DB1A7D1202002D4A85 /* Resources */,
				EE212B1B8C61EFE67CF385B5 /* Copy Pods Resources */,
				184BB97E1A820D45009CD3B8 /* Embed App Extensions */,
				990BC42B4D40676ECF00C257 /* Embed Pods Frameworks */,
			);
			buildRules = (
			);
			dependencies = (
				184BB9791A820D45009CD3B8 /* PBXTargetDependency */,
				184BB9A01A820F54009CD3B8 /* PBXTargetDependency */,
			);
			name = ThingsIWant;
			productName = ThingsIWant;
			productReference = 379BE8DD1A7D1202002D4A85 /* ThingsIWant.app */;
			productType = "com.apple.product-type.application";
		};
		379BE8F81A7D1202002D4A85 /* ThingsIWantTests */ = {
			isa = PBXNativeTarget;
			buildConfigurationList = 379BE9061A7D1202002D4A85 /* Build configuration list for PBXNativeTarget "ThingsIWantTests" */;
			buildPhases = (
				379BE8F51A7D1202002D4A85 /* Sources */,
				379BE8F61A7D1202002D4A85 /* Frameworks */,
				379BE8F71A7D1202002D4A85 /* Resources */,
			);
			buildRules = (
			);
			dependencies = (
				379BE8FB1A7D1202002D4A85 /* PBXTargetDependency */,
			);
			name = ThingsIWantTests;
			productName = ThingsIWantTests;
			productReference = 379BE8F91A7D1202002D4A85 /* ThingsIWantTests.xctest */;
			productType = "com.apple.product-type.bundle.unit-test";
		};
/* End PBXNativeTarget section */

/* Begin PBXProject section */
		379BE8D51A7D1202002D4A85 /* Project object */ = {
			isa = PBXProject;
			attributes = {
				LastUpgradeCheck = 0610;
				ORGANIZATIONNAME = Kent;
				TargetAttributes = {
					184BB96E1A820D45009CD3B8 = {
						CreatedOnToolsVersion = 6.1.1;
						DevelopmentTeam = B83FF6M6VW;
					};
					184BB9951A820F54009CD3B8 = {
						CreatedOnToolsVersion = 6.1.1;
						DevelopmentTeam = B83FF6M6VW;
					};
					379BE8DC1A7D1202002D4A85 = {
						CreatedOnToolsVersion = 6.1;
						DevelopmentTeam = B83FF6M6VW;
					};
					379BE8F81A7D1202002D4A85 = {
						CreatedOnToolsVersion = 6.1;
						TestTargetID = 379BE8DC1A7D1202002D4A85;
					};
				};
			};
			buildConfigurationList = 379BE8D81A7D1202002D4A85 /* Build configuration list for PBXProject "ThingsIWant" */;
			compatibilityVersion = "Xcode 3.2";
			developmentRegion = English;
			hasScannedForEncodings = 0;
			knownRegions = (
				en,
				Base,
			);
			mainGroup = 379BE8D41A7D1202002D4A85;
			productRefGroup = 379BE8DE1A7D1202002D4A85 /* Products */;
			projectDirPath = "";
			projectRoot = "";
			targets = (
				379BE8DC1A7D1202002D4A85 /* ThingsIWant */,
				379BE8F81A7D1202002D4A85 /* ThingsIWantTests */,
				184BB96E1A820D45009CD3B8 /* SafariExtension */,
				184BB9951A820F54009CD3B8 /* AddUrl */,
			);
		};
/* End PBXProject section */

/* Begin PBXResourcesBuildPhase section */
		184BB96D1A820D45009CD3B8 /* Resources */ = {
			isa = PBXResourcesBuildPhase;
			buildActionMask = 2147483647;
			files = (
				184BB9771A820D45009CD3B8 /* MainInterface.storyboard in Resources */,
			);
			runOnlyForDeploymentPostprocessing = 0;
		};
		184BB9941A820F54009CD3B8 /* Resources */ = {
			isa = PBXResourcesBuildPhase;
			buildActionMask = 2147483647;
			files = (
				184BB99E1A820F54009CD3B8 /* Action.js in Resources */,
			);
			runOnlyForDeploymentPostprocessing = 0;
		};
		379BE8DB1A7D1202002D4A85 /* Resources */ = {
			isa = PBXResourcesBuildPhase;
			buildActionMask = 2147483647;
			files = (
				377109321C0D507300FCAFCA /* icon-error-circled.png in Resources */,
				18EF490F1A8B6D91008B3670 /* appicon.png in Resources */,
				372DF20C1C0C5A7700774F60 /* add_photo@2x.png in Resources */,
				377109351C0D507300FCAFCA /* icon-warn-circled@2x.png in Resources */,
				37F100BD1C083A8300952E3C /* InfoPlist.strings in Resources */,
				37F100B31C08384100952E3C /* Localizable.strings in Resources */,
				377109331C0D507300FCAFCA /* icon-error-circled@2x.png in Resources */,
				379BE8F41A7D1202002D4A85 /* LaunchScreen.xib in Resources */,
				18C239E01A88BDF2009EB734 /* AppIcons.xcassets in Resources */,
				37F100A91C0821D600952E3C /* empty@2x.png in Resources */,
				377109341C0D507300FCAFCA /* icon-warn-circled.png in Resources */,
				377109301C0D507300FCAFCA /* icon-checkmark-circled.png in Resources */,
				377109311C0D507300FCAFCA /* icon-checkmark-circled@2x.png in Resources */,
				379BE8F11A7D1202002D4A85 /* Images.xcassets in Resources */,
				37F100BA1C0839D400952E3C /* Info.plist in Resources */,
			);
			runOnlyForDeploymentPostprocessing = 0;
		};
		379BE8F71A7D1202002D4A85 /* Resources */ = {
			isa = PBXResourcesBuildPhase;
			buildActionMask = 2147483647;
			files = (
			);
			runOnlyForDeploymentPostprocessing = 0;
		};
/* End PBXResourcesBuildPhase section */

/* Begin PBXShellScriptBuildPhase section */
		44F9686E1F0A139C92AC1758 /* Check Pods Manifest.lock */ = {
			isa = PBXShellScriptBuildPhase;
			buildActionMask = 2147483647;
			files = (
			);
			inputPaths = (
			);
			name = "Check Pods Manifest.lock";
			outputPaths = (
			);
			runOnlyForDeploymentPostprocessing = 0;
			shellPath = /bin/sh;
			shellScript = "diff \"${PODS_ROOT}/../Podfile.lock\" \"${PODS_ROOT}/Manifest.lock\" > /dev/null\nif [[ $? != 0 ]] ; then\n    cat << EOM\nerror: The sandbox is not in sync with the Podfile.lock. Run 'pod install' or update your CocoaPods installation.\nEOM\n    exit 1\nfi\n";
			showEnvVarsInLog = 0;
		};
		990BC42B4D40676ECF00C257 /* Embed Pods Frameworks */ = {
			isa = PBXShellScriptBuildPhase;
			buildActionMask = 2147483647;
			files = (
			);
			inputPaths = (
			);
			name = "Embed Pods Frameworks";
			outputPaths = (
			);
			runOnlyForDeploymentPostprocessing = 0;
			shellPath = /bin/sh;
			shellScript = "\"${SRCROOT}/Pods/Target Support Files/Pods-ThingsIWant/Pods-ThingsIWant-frameworks.sh\"\n";
			showEnvVarsInLog = 0;
		};
		EE212B1B8C61EFE67CF385B5 /* Copy Pods Resources */ = {
			isa = PBXShellScriptBuildPhase;
			buildActionMask = 2147483647;
			files = (
			);
			inputPaths = (
			);
			name = "Copy Pods Resources";
			outputPaths = (
			);
			runOnlyForDeploymentPostprocessing = 0;
			shellPath = /bin/sh;
			shellScript = "\"${SRCROOT}/Pods/Target Support Files/Pods-ThingsIWant/Pods-ThingsIWant-resources.sh\"\n";
			showEnvVarsInLog = 0;
		};
/* End PBXShellScriptBuildPhase section */

/* Begin PBXSourcesBuildPhase section */
		184BB96B1A820D45009CD3B8 /* Sources */ = {
			isa = PBXSourcesBuildPhase;
			buildActionMask = 2147483647;
			files = (
				184BB9751A820D45009CD3B8 /* ActionViewController.m in Sources */,
			);
			runOnlyForDeploymentPostprocessing = 0;
		};
		184BB9921A820F54009CD3B8 /* Sources */ = {
			isa = PBXSourcesBuildPhase;
			buildActionMask = 2147483647;
			files = (
				184BB99C1A820F54009CD3B8 /* ActionRequestHandler.m in Sources */,
			);
			runOnlyForDeploymentPostprocessing = 0;
		};
		379BE8D91A7D1202002D4A85 /* Sources */ = {
			isa = PBXSourcesBuildPhase;
			buildActionMask = 2147483647;
			files = (
				372DF20A1C0C591C00774F60 /* UIImage+Tint.m in Sources */,
				3771092C1C0D507300FCAFCA /* HTProgressHUDIndicatorView.m in Sources */,
				184BB8AD1A81EC9A009CD3B8 /* ImageTableViewCell.m in Sources */,
				377109A31C0D9CFB00FCAFCA /* FileHelper.m in Sources */,
				379BE8E61A7D1202002D4A85 /* AppDelegate.m in Sources */,
				3771092A1C0D507300FCAFCA /* HTProgressHUDFadeZoomAnimation.m in Sources */,
				37F100AF1C082D4600952E3C /* LinkEditorViewController.m in Sources */,
				3771098D1C0D731C00FCAFCA /* Product.m in Sources */,
				379BE8E31A7D1202002D4A85 /* main.m in Sources */,
				3771092F1C0D507300FCAFCA /* HTProgressHUDSlideAnimation.m in Sources */,
				3771092D1C0D507300FCAFCA /* HTProgressHUDPieIndicatorView.m in Sources */,
				377109911C0D731C00FCAFCA /* Link.m in Sources */,
				3771098F1C0D731C00FCAFCA /* Image.m in Sources */,
				184BB8B01A8201D5009CD3B8 /* UIFont+Customize.m in Sources */,
				3771090C1C0D506000FCAFCA /* UIView+Progress.m in Sources */,
				379BE8EC1A7D1202002D4A85 /* MainViewController.m in Sources */,
				3771090D1C0D506000FCAFCA /* KeyboardStateListener.m in Sources */,
				377109941C0D731C00FCAFCA /* Note+CoreDataProperties.m in Sources */,
				37F100AC1C082D3800952E3C /* NoteEditorViewController.m in Sources */,
				3771099F1C0D8AD200FCAFCA /* DataManager.m in Sources */,
				3771098E1C0D731C00FCAFCA /* Image+CoreDataProperties.m in Sources */,
				3771092E1C0D507300FCAFCA /* HTProgressHUDRingIndicatorView.m in Sources */,
				379BE8E91A7D1202002D4A85 /* ThingsIWant.xcdatamodeld in Sources */,
				3771092B1C0D507300FCAFCA /* HTProgressHUDImageIndicatorView.m in Sources */,
				377109291C0D507300FCAFCA /* HTProgressHUDFadeAnimation.m in Sources */,
				184BB9A71A822485009CD3B8 /* NSString+Utility.m in Sources */,
				3720FD5C1A812BC100F57F47 /* ItemDetailViewController.m in Sources */,
				3742C6D71C0D407C00EED30C /* LoginViewController.m in Sources */,
				377109271C0D507300FCAFCA /* HTProgressHUD.m in Sources */,
				372DF2071C0BE5B800774F60 /* AKPrice.m in Sources */,
				3771098C1C0D731C00FCAFCA /* Product+CoreDataProperties.m in Sources */,
				3720FD5F1A812BE700F57F47 /* Data.m in Sources */,
				3771099C1C0D8ABA00FCAFCA /* SyncManager.m in Sources */,
				377109281C0D507300FCAFCA /* HTProgressHUDAnimation.m in Sources */,
				377109901C0D731C00FCAFCA /* Link+CoreDataProperties.m in Sources */,
				377109951C0D731C00FCAFCA /* Note.m in Sources */,
				372DF2041C0BDF2400774F60 /* PriceEditorViewController.m in Sources */,
				322CABAF3EA46F81BD33A305 /* RegisterViewController.m in Sources */,
			);
			runOnlyForDeploymentPostprocessing = 0;
		};
		379BE8F51A7D1202002D4A85 /* Sources */ = {
			isa = PBXSourcesBuildPhase;
			buildActionMask = 2147483647;
			files = (
				379BE9001A7D1202002D4A85 /* ThingsIWantTests.m in Sources */,
			);
			runOnlyForDeploymentPostprocessing = 0;
		};
/* End PBXSourcesBuildPhase section */

/* Begin PBXTargetDependency section */
		184BB9791A820D45009CD3B8 /* PBXTargetDependency */ = {
			isa = PBXTargetDependency;
			target = 184BB96E1A820D45009CD3B8 /* SafariExtension */;
			targetProxy = 184BB9781A820D45009CD3B8 /* PBXContainerItemProxy */;
		};
		184BB9A01A820F54009CD3B8 /* PBXTargetDependency */ = {
			isa = PBXTargetDependency;
			target = 184BB9951A820F54009CD3B8 /* AddUrl */;
			targetProxy = 184BB99F1A820F54009CD3B8 /* PBXContainerItemProxy */;
		};
		379BE8FB1A7D1202002D4A85 /* PBXTargetDependency */ = {
			isa = PBXTargetDependency;
			target = 379BE8DC1A7D1202002D4A85 /* ThingsIWant */;
			targetProxy = 379BE8FA1A7D1202002D4A85 /* PBXContainerItemProxy */;
		};
/* End PBXTargetDependency section */

/* Begin PBXVariantGroup section */
		379BE8F21A7D1202002D4A85 /* LaunchScreen.xib */ = {
			isa = PBXVariantGroup;
			children = (
				379BE8F31A7D1202002D4A85 /* Base */,
				37F100B21C08382400952E3C /* zh-Hans */,
			);
			name = LaunchScreen.xib;
			sourceTree = "<group>";
		};
		37F100B51C08384100952E3C /* Localizable.strings */ = {
			isa = PBXVariantGroup;
			children = (
				37F100B41C08384100952E3C /* zh-Hans */,
			);
			name = Localizable.strings;
			sourceTree = "<group>";
		};
		37F100BF1C083A8300952E3C /* InfoPlist.strings */ = {
			isa = PBXVariantGroup;
			children = (
				37F100BE1C083A8300952E3C /* zh-Hans */,
			);
			name = InfoPlist.strings;
			sourceTree = "<group>";
		};
/* End PBXVariantGroup section */

/* Begin XCBuildConfiguration section */
		184BB97C1A820D45009CD3B8 /* Debug */ = {
			isa = XCBuildConfiguration;
			buildSettings = {
				CODE_SIGN_IDENTITY = "iPhone Developer";
				"CODE_SIGN_IDENTITY[sdk=iphoneos*]" = "iPhone Developer";
				GCC_PREPROCESSOR_DEFINITIONS = (
					"DEBUG=1",
					"$(inherited)",
				);
				INFOPLIST_FILE = SafariExtension/Info.plist;
				LD_RUNPATH_SEARCH_PATHS = "$(inherited) @executable_path/Frameworks @executable_path/../../Frameworks";
				PRODUCT_NAME = "$(TARGET_NAME)";
				PROVISIONING_PROFILE = "";
				SKIP_INSTALL = YES;
			};
			name = Debug;
		};
		184BB97D1A820D45009CD3B8 /* Release */ = {
			isa = XCBuildConfiguration;
			buildSettings = {
				CODE_SIGN_IDENTITY = "iPhone Developer";
				"CODE_SIGN_IDENTITY[sdk=iphoneos*]" = "iPhone Developer";
				INFOPLIST_FILE = SafariExtension/Info.plist;
				LD_RUNPATH_SEARCH_PATHS = "$(inherited) @executable_path/Frameworks @executable_path/../../Frameworks";
				PRODUCT_NAME = "$(TARGET_NAME)";
				PROVISIONING_PROFILE = "";
				SKIP_INSTALL = YES;
			};
			name = Release;
		};
		184BB9A31A820F54009CD3B8 /* Debug */ = {
			isa = XCBuildConfiguration;
			buildSettings = {
				CODE_SIGN_IDENTITY = "iPhone Developer";
				"CODE_SIGN_IDENTITY[sdk=iphoneos*]" = "iPhone Developer";
				GCC_PREPROCESSOR_DEFINITIONS = (
					"DEBUG=1",
					"$(inherited)",
				);
				INFOPLIST_FILE = AddUrl/Info.plist;
				LD_RUNPATH_SEARCH_PATHS = "$(inherited) @executable_path/Frameworks @executable_path/../../Frameworks";
				PRODUCT_NAME = "$(TARGET_NAME)";
				PROVISIONING_PROFILE = "";
				SKIP_INSTALL = YES;
			};
			name = Debug;
		};
		184BB9A41A820F54009CD3B8 /* Release */ = {
			isa = XCBuildConfiguration;
			buildSettings = {
				CODE_SIGN_IDENTITY = "iPhone Developer";
				"CODE_SIGN_IDENTITY[sdk=iphoneos*]" = "iPhone Developer";
				INFOPLIST_FILE = AddUrl/Info.plist;
				LD_RUNPATH_SEARCH_PATHS = "$(inherited) @executable_path/Frameworks @executable_path/../../Frameworks";
				PRODUCT_NAME = "$(TARGET_NAME)";
				PROVISIONING_PROFILE = "";
				SKIP_INSTALL = YES;
			};
			name = Release;
		};
		379BE9011A7D1202002D4A85 /* Debug */ = {
			isa = XCBuildConfiguration;
			buildSettings = {
				ALWAYS_SEARCH_USER_PATHS = NO;
				CLANG_CXX_LANGUAGE_STANDARD = "gnu++0x";
				CLANG_CXX_LIBRARY = "libc++";
				CLANG_ENABLE_MODULES = YES;
				CLANG_ENABLE_OBJC_ARC = YES;
				CLANG_WARN_BOOL_CONVERSION = YES;
				CLANG_WARN_CONSTANT_CONVERSION = YES;
				CLANG_WARN_DIRECT_OBJC_ISA_USAGE = YES_ERROR;
				CLANG_WARN_EMPTY_BODY = YES;
				CLANG_WARN_ENUM_CONVERSION = YES;
				CLANG_WARN_INT_CONVERSION = YES;
				CLANG_WARN_OBJC_ROOT_CLASS = YES_ERROR;
				CLANG_WARN_UNREACHABLE_CODE = YES;
				CLANG_WARN__DUPLICATE_METHOD_MATCH = YES;
				CODE_SIGN_IDENTITY = "iPhone Developer: kentke@qq.com (75NVXK46SY)";
				"CODE_SIGN_IDENTITY[sdk=iphoneos*]" = "iPhone Developer: kentke@qq.com (75NVXK46SY)";
				COPY_PHASE_STRIP = NO;
				ENABLE_STRICT_OBJC_MSGSEND = YES;
				GCC_C_LANGUAGE_STANDARD = gnu99;
				GCC_DYNAMIC_NO_PIC = NO;
				GCC_OPTIMIZATION_LEVEL = 0;
				GCC_PREPROCESSOR_DEFINITIONS = (
					"DEBUG=1",
					"$(inherited)",
				);
				GCC_SYMBOLS_PRIVATE_EXTERN = NO;
				GCC_WARN_64_TO_32_BIT_CONVERSION = YES;
				GCC_WARN_ABOUT_RETURN_TYPE = YES_ERROR;
				GCC_WARN_UNDECLARED_SELECTOR = YES;
				GCC_WARN_UNINITIALIZED_AUTOS = YES_AGGRESSIVE;
				GCC_WARN_UNUSED_FUNCTION = YES;
				GCC_WARN_UNUSED_VARIABLE = YES;
				IPHONEOS_DEPLOYMENT_TARGET = 8.1;
				MTL_ENABLE_DEBUG_INFO = YES;
				ONLY_ACTIVE_ARCH = YES;
				SDKROOT = iphoneos;
				TARGETED_DEVICE_FAMILY = "1,2";
			};
			name = Debug;
		};
		379BE9021A7D1202002D4A85 /* Release */ = {
			isa = XCBuildConfiguration;
			buildSettings = {
				ALWAYS_SEARCH_USER_PATHS = NO;
				CLANG_CXX_LANGUAGE_STANDARD = "gnu++0x";
				CLANG_CXX_LIBRARY = "libc++";
				CLANG_ENABLE_MODULES = YES;
				CLANG_ENABLE_OBJC_ARC = YES;
				CLANG_WARN_BOOL_CONVERSION = YES;
				CLANG_WARN_CONSTANT_CONVERSION = YES;
				CLANG_WARN_DIRECT_OBJC_ISA_USAGE = YES_ERROR;
				CLANG_WARN_EMPTY_BODY = YES;
				CLANG_WARN_ENUM_CONVERSION = YES;
				CLANG_WARN_INT_CONVERSION = YES;
				CLANG_WARN_OBJC_ROOT_CLASS = YES_ERROR;
				CLANG_WARN_UNREACHABLE_CODE = YES;
				CLANG_WARN__DUPLICATE_METHOD_MATCH = YES;
				CODE_SIGN_IDENTITY = "iPhone Developer: kentke@qq.com (75NVXK46SY)";
				"CODE_SIGN_IDENTITY[sdk=iphoneos*]" = "iPhone Developer: kentke@qq.com (75NVXK46SY)";
				COPY_PHASE_STRIP = YES;
				ENABLE_NS_ASSERTIONS = NO;
				ENABLE_STRICT_OBJC_MSGSEND = YES;
				GCC_C_LANGUAGE_STANDARD = gnu99;
				GCC_WARN_64_TO_32_BIT_CONVERSION = YES;
				GCC_WARN_ABOUT_RETURN_TYPE = YES_ERROR;
				GCC_WARN_UNDECLARED_SELECTOR = YES;
				GCC_WARN_UNINITIALIZED_AUTOS = YES_AGGRESSIVE;
				GCC_WARN_UNUSED_FUNCTION = YES;
				GCC_WARN_UNUSED_VARIABLE = YES;
				IPHONEOS_DEPLOYMENT_TARGET = 8.1;
				MTL_ENABLE_DEBUG_INFO = NO;
				SDKROOT = iphoneos;
				TARGETED_DEVICE_FAMILY = "1,2";
				VALIDATE_PRODUCT = YES;
			};
			name = Release;
		};
		379BE9041A7D1202002D4A85 /* Debug */ = {
			isa = XCBuildConfiguration;
			baseConfigurationReference = 11F4BFC88594A8C19F6BACE5 /* Pods-ThingsIWant.debug.xcconfig */;
			buildSettings = {
				ASSETCATALOG_COMPILER_APPICON_NAME = AppIcon;
				CODE_SIGN_IDENTITY = "iPhone Developer: kentke@qq.com (75NVXK46SY)";
				"CODE_SIGN_IDENTITY[sdk=iphoneos*]" = "iPhone Developer: kentke@qq.com (75NVXK46SY)";
				GCC_PREFIX_HEADER = "ThingsIWant/ThingsIWant-Prefix.pch";
				INFOPLIST_FILE = ThingsIWant/Info.plist;
				IPHONEOS_DEPLOYMENT_TARGET = 7.0;
				LD_RUNPATH_SEARCH_PATHS = "$(inherited) @executable_path/Frameworks";
				LIBRARY_SEARCH_PATHS = "$(inherited)";
				PRODUCT_NAME = "$(TARGET_NAME)";
				PROVISIONING_PROFILE = "";
			};
			name = Debug;
		};
		379BE9051A7D1202002D4A85 /* Release */ = {
			isa = XCBuildConfiguration;
			baseConfigurationReference = C5FF5569C78FBCF163F930D2 /* Pods-ThingsIWant.release.xcconfig */;
			buildSettings = {
				ASSETCATALOG_COMPILER_APPICON_NAME = AppIcon;
				CODE_SIGN_IDENTITY = "iPhone Developer: kentke@qq.com (75NVXK46SY)";
				"CODE_SIGN_IDENTITY[sdk=iphoneos*]" = "iPhone Developer: kentke@qq.com (75NVXK46SY)";
				GCC_PREFIX_HEADER = "ThingsIWant/ThingsIWant-Prefix.pch";
				INFOPLIST_FILE = ThingsIWant/Info.plist;
				IPHONEOS_DEPLOYMENT_TARGET = 7.0;
				LD_RUNPATH_SEARCH_PATHS = "$(inherited) @executable_path/Frameworks";
				LIBRARY_SEARCH_PATHS = "$(inherited)";
				PRODUCT_NAME = "$(TARGET_NAME)";
				PROVISIONING_PROFILE = "";
			};
			name = Release;
		};
		379BE9071A7D1202002D4A85 /* Debug */ = {
			isa = XCBuildConfiguration;
			buildSettings = {
				BUNDLE_LOADER = "$(TEST_HOST)";
				FRAMEWORK_SEARCH_PATHS = (
					"$(SDKROOT)/Developer/Library/Frameworks",
					"$(inherited)",
				);
				GCC_PREPROCESSOR_DEFINITIONS = (
					"DEBUG=1",
					"$(inherited)",
				);
				INFOPLIST_FILE = ThingsIWantTests/Info.plist;
				LD_RUNPATH_SEARCH_PATHS = "$(inherited) @executable_path/Frameworks @loader_path/Frameworks";
				PRODUCT_NAME = "$(TARGET_NAME)";
				TEST_HOST = "$(BUILT_PRODUCTS_DIR)/ThingsIWant.app/ThingsIWant";
			};
			name = Debug;
		};
		379BE9081A7D1202002D4A85 /* Release */ = {
			isa = XCBuildConfiguration;
			buildSettings = {
				BUNDLE_LOADER = "$(TEST_HOST)";
				FRAMEWORK_SEARCH_PATHS = (
					"$(SDKROOT)/Developer/Library/Frameworks",
					"$(inherited)",
				);
				INFOPLIST_FILE = ThingsIWantTests/Info.plist;
				LD_RUNPATH_SEARCH_PATHS = "$(inherited) @executable_path/Frameworks @loader_path/Frameworks";
				PRODUCT_NAME = "$(TARGET_NAME)";
				TEST_HOST = "$(BUILT_PRODUCTS_DIR)/ThingsIWant.app/ThingsIWant";
			};
			name = Release;
		};
/* End XCBuildConfiguration section */

/* Begin XCConfigurationList section */
		184BB97B1A820D45009CD3B8 /* Build configuration list for PBXNativeTarget "SafariExtension" */ = {
			isa = XCConfigurationList;
			buildConfigurations = (
				184BB97C1A820D45009CD3B8 /* Debug */,
				184BB97D1A820D45009CD3B8 /* Release */,
			);
			defaultConfigurationIsVisible = 0;
			defaultConfigurationName = Release;
		};
		184BB9A21A820F54009CD3B8 /* Build configuration list for PBXNativeTarget "AddUrl" */ = {
			isa = XCConfigurationList;
			buildConfigurations = (
				184BB9A31A820F54009CD3B8 /* Debug */,
				184BB9A41A820F54009CD3B8 /* Release */,
			);
			defaultConfigurationIsVisible = 0;
			defaultConfigurationName = Release;
		};
		379BE8D81A7D1202002D4A85 /* Build configuration list for PBXProject "ThingsIWant" */ = {
			isa = XCConfigurationList;
			buildConfigurations = (
				379BE9011A7D1202002D4A85 /* Debug */,
				379BE9021A7D1202002D4A85 /* Release */,
			);
			defaultConfigurationIsVisible = 0;
			defaultConfigurationName = Release;
		};
		379BE9031A7D1202002D4A85 /* Build configuration list for PBXNativeTarget "ThingsIWant" */ = {
			isa = XCConfigurationList;
			buildConfigurations = (
				379BE9041A7D1202002D4A85 /* Debug */,
				379BE9051A7D1202002D4A85 /* Release */,
			);
			defaultConfigurationIsVisible = 0;
			defaultConfigurationName = Release;
		};
		379BE9061A7D1202002D4A85 /* Build configuration list for PBXNativeTarget "ThingsIWantTests" */ = {
			isa = XCConfigurationList;
			buildConfigurations = (
				379BE9071A7D1202002D4A85 /* Debug */,
				379BE9081A7D1202002D4A85 /* Release */,
			);
			defaultConfigurationIsVisible = 0;
			defaultConfigurationName = Release;
		};
/* End XCConfigurationList section */

/* Begin XCVersionGroup section */
		379BE8E71A7D1202002D4A85 /* ThingsIWant.xcdatamodeld */ = {
			isa = XCVersionGroup;
			children = (
				18C239B71A88B75D009EB734 /* ThingsIWant 2.xcdatamodel */,
				379BE8E81A7D1202002D4A85 /* ThingsIWant.xcdatamodel */,
			);
			currentVersion = 18C239B71A88B75D009EB734 /* ThingsIWant 2.xcdatamodel */;
			path = ThingsIWant.xcdatamodeld;
			sourceTree = "<group>";
			versionGroupType = wrapper.xcdatamodel;
		};
/* End XCVersionGroup section */
	};
	rootObject = 379BE8D51A7D1202002D4A85 /* Project object */;
}
